
Microsoft Visual Studio Solution File, Format Version 12.00
# Visual Studio Version 17
VisualStudioVersion = 17.8.34525.116
MinimumVisualStudioVersion = 10.0.40219.1
Project("{FAE04EC0-301F-11D3-BF4B-00C04F79EFBC}") = "Keyboard_Trenager", "Keyboard_Trenager\Keyboard_Trenager.csproj", "{810446D1-08F6-4DB4-A581-C8D855F03409}"
EndProject
Global
	GlobalSection(SolutionConfigurationPlatforms) = preSolution
		Debug|Any CPU = Debug|Any CPU
		Release|Any CPU = Release|Any CPU
	EndGlobalSection
	GlobalSection(ProjectConfigurationPlatforms) = postSolution
		{810446D1-08F6-4DB4-A581-C8D855F03409}.Debug|Any CPU.ActiveCfg = Debug|Any CPU
		{810446D1-08F6-4DB4-A581-C8D855F03409}.Debug|Any CPU.Build.0 = Debug|Any CPU
		{810446D1-08F6-4DB4-A581-C8D855F03409}.Release|Any CPU.ActiveCfg = Release|Any CPU
		{810446D1-08F6-4DB4-A581-C8D855F03409}.Release|Any CPU.Build.0 = Release|Any CPU
	EndGlobalSection
	GlobalSection(SolutionProperties) = preSolution
		HideSolutionNode = FALSE
	EndGlobalSection
	GlobalSection(ExtensibilityGlobals) = postSolution
		SolutionGuid = {2509920E-34AF-4C5C-8C35-459D922A8CDB}
	EndGlobalSection
EndGlobal
